
Microsoft Visual Studio Solution File, Format Version 12.00
# Visual Studio 14
VisualStudioVersion = 14.0.25420.1
MinimumVisualStudioVersion = 10.0.40219.1
Project("{2150E333-8FDC-42A3-9474-1A3956D46DE8}") = "0 - Presentation", "0 - Presentation", "{35F0424F-1D4E-4611-BFF4-31890758FE86}"
EndProject
Project("{2150E333-8FDC-42A3-9474-1A3956D46DE8}") = "1 - Application", "1 - Application", "{5CF56817-9A5C-491F-8F82-62BAC179BB58}"
EndProject
Project("{2150E333-8FDC-42A3-9474-1A3956D46DE8}") = "2 - Domain", "2 - Domain", "{1279B0C0-2003-41FB-A0F6-BA7136A5DB79}"
EndProject
Project("{2150E333-8FDC-42A3-9474-1A3956D46DE8}") = "3 - Infra", "3 - Infra", "{C70FF778-2251-4149-9C7C-7C0837B3365F}"
EndProject
Project("{2150E333-8FDC-42A3-9474-1A3956D46DE8}") = "MVC", "MVC", "{59EDCECF-715C-4D73-A027-E4C54F713883}"
EndProject
Project("{2150E333-8FDC-42A3-9474-1A3956D46DE8}") = "Windows Forms", "Windows Forms", "{4BAB8B5E-2D87-40E3-BED5-22F4A11AA99F}"
EndProject
Project("{FAE04EC0-301F-11D3-BF4B-00C04F79EFBC}") = "Cognizant.WindowsForms", "Cognizant.WindowsForms\Cognizant.WindowsForms.csproj", "{7928539A-4826-4EA6-991B-83F4CC479E11}"
EndProject
Project("{FAE04EC0-301F-11D3-BF4B-00C04F79EFBC}") = "Cognizant.App", "Cognizant.Application\Cognizant.App.csproj", "{5D332A4D-12A4-4D4D-A61C-E58E01A0D562}"
EndProject
Project("{FAE04EC0-301F-11D3-BF4B-00C04F79EFBC}") = "Cognizant.Domain", "Cognizant.Domain\Cognizant.Domain.csproj", "{E1F96415-5336-4A9A-A5E1-D03B6299A359}"
EndProject
Project("{2150E333-8FDC-42A3-9474-1A3956D46DE8}") = "ADO", "ADO", "{6382CF3A-192F-4EF4-8A01-6E78DB3F41FB}"
EndProject
Project("{FAE04EC0-301F-11D3-BF4B-00C04F79EFBC}") = "Cognizant.Ado", "Cognizant.Ado\Cognizant.Ado.csproj", "{8B42E51C-36D1-4423-B054-D546DC24DA72}"
EndProject
Project("{2150E333-8FDC-42A3-9474-1A3956D46DE8}") = "Services", "Services", "{1A446502-696B-476B-A2A5-27C66F288893}"
EndProject
Project("{FAE04EC0-301F-11D3-BF4B-00C04F79EFBC}") = "Cognizant.App.Services", "Cognizant.Application.Services\Cognizant.App.Services.csproj", "{C98E5E74-2EFC-4C86-A531-2738C9E79801}"
EndProject
Project("{2150E333-8FDC-42A3-9474-1A3956D46DE8}") = "SQL Queries", "SQL Queries", "{FBA2A100-51F7-4FA9-B40D-13DD60E0102B}"
	ProjectSection(SolutionItems) = preProject
		SQLQueries.txt = SQLQueries.txt
		TriggerTransferencia.txt = TriggerTransferencia.txt
	EndProjectSection
EndProject
Project("{54435603-DBB4-11D2-8724-00A0C9A8B90C}") = "Cognizant.App.Installer", "Cognizant.App.Installer\Cognizant.App.Installer.vdproj", "{536D5843-A831-4936-ACAD-04BD1CF30220}"
EndProject
Global
	GlobalSection(SolutionConfigurationPlatforms) = preSolution
		Debug|Any CPU = Debug|Any CPU
		Release|Any CPU = Release|Any CPU
	EndGlobalSection
	GlobalSection(ProjectConfigurationPlatforms) = postSolution
		{7928539A-4826-4EA6-991B-83F4CC479E11}.Debug|Any CPU.ActiveCfg = Debug|Any CPU
		{7928539A-4826-4EA6-991B-83F4CC479E11}.Debug|Any CPU.Build.0 = Debug|Any CPU
		{7928539A-4826-4EA6-991B-83F4CC479E11}.Release|Any CPU.ActiveCfg = Release|Any CPU
		{7928539A-4826-4EA6-991B-83F4CC479E11}.Release|Any CPU.Build.0 = Release|Any CPU
		{5D332A4D-12A4-4D4D-A61C-E58E01A0D562}.Debug|Any CPU.ActiveCfg = Debug|Any CPU
		{5D332A4D-12A4-4D4D-A61C-E58E01A0D562}.Debug|Any CPU.Build.0 = Debug|Any CPU
		{5D332A4D-12A4-4D4D-A61C-E58E01A0D562}.Release|Any CPU.ActiveCfg = Release|Any CPU
		{5D332A4D-12A4-4D4D-A61C-E58E01A0D562}.Release|Any CPU.Build.0 = Release|Any CPU
		{E1F96415-5336-4A9A-A5E1-D03B6299A359}.Debug|Any CPU.ActiveCfg = Debug|Any CPU
		{E1F96415-5336-4A9A-A5E1-D03B6299A359}.Debug|Any CPU.Build.0 = Debug|Any CPU
		{E1F96415-5336-4A9A-A5E1-D03B6299A359}.Release|Any CPU.ActiveCfg = Release|Any CPU
		{E1F96415-5336-4A9A-A5E1-D03B6299A359}.Release|Any CPU.Build.0 = Release|Any CPU
		{8B42E51C-36D1-4423-B054-D546DC24DA72}.Debug|Any CPU.ActiveCfg = Debug|Any CPU
		{8B42E51C-36D1-4423-B054-D546DC24DA72}.Debug|Any CPU.Build.0 = Debug|Any CPU
		{8B42E51C-36D1-4423-B054-D546DC24DA72}.Release|Any CPU.ActiveCfg = Release|Any CPU
		{8B42E51C-36D1-4423-B054-D546DC24DA72}.Release|Any CPU.Build.0 = Release|Any CPU
		{C98E5E74-2EFC-4C86-A531-2738C9E79801}.Debug|Any CPU.ActiveCfg = Debug|Any CPU
		{C98E5E74-2EFC-4C86-A531-2738C9E79801}.Debug|Any CPU.Build.0 = Debug|Any CPU
		{C98E5E74-2EFC-4C86-A531-2738C9E79801}.Release|Any CPU.ActiveCfg = Release|Any CPU
		{C98E5E74-2EFC-4C86-A531-2738C9E79801}.Release|Any CPU.Build.0 = Release|Any CPU
		{536D5843-A831-4936-ACAD-04BD1CF30220}.Debug|Any CPU.ActiveCfg = Debug
		{536D5843-A831-4936-ACAD-04BD1CF30220}.Release|Any CPU.ActiveCfg = Release
	EndGlobalSection
	GlobalSection(SolutionProperties) = preSolution
		HideSolutionNode = FALSE
	EndGlobalSection
	GlobalSection(NestedProjects) = preSolution
		{59EDCECF-715C-4D73-A027-E4C54F713883} = {35F0424F-1D4E-4611-BFF4-31890758FE86}
		{4BAB8B5E-2D87-40E3-BED5-22F4A11AA99F} = {35F0424F-1D4E-4611-BFF4-31890758FE86}
		{7928539A-4826-4EA6-991B-83F4CC479E11} = {4BAB8B5E-2D87-40E3-BED5-22F4A11AA99F}
		{5D332A4D-12A4-4D4D-A61C-E58E01A0D562} = {5CF56817-9A5C-491F-8F82-62BAC179BB58}
		{E1F96415-5336-4A9A-A5E1-D03B6299A359} = {1279B0C0-2003-41FB-A0F6-BA7136A5DB79}
		{6382CF3A-192F-4EF4-8A01-6E78DB3F41FB} = {C70FF778-2251-4149-9C7C-7C0837B3365F}
		{8B42E51C-36D1-4423-B054-D546DC24DA72} = {6382CF3A-192F-4EF4-8A01-6E78DB3F41FB}
		{1A446502-696B-476B-A2A5-27C66F288893} = {5CF56817-9A5C-491F-8F82-62BAC179BB58}
		{C98E5E74-2EFC-4C86-A531-2738C9E79801} = {1A446502-696B-476B-A2A5-27C66F288893}
		{FBA2A100-51F7-4FA9-B40D-13DD60E0102B} = {1A446502-696B-476B-A2A5-27C66F288893}
		{536D5843-A831-4936-ACAD-04BD1CF30220} = {1A446502-696B-476B-A2A5-27C66F288893}
	EndGlobalSection
EndGlobal
